
Microsoft Visual Studio Solution File, Format Version 12.00
# Visual Studio Version 17
VisualStudioVersion = 17.3.32825.248
MinimumVisualStudioVersion = 10.0.40219.1
Project("{FAE04EC0-301F-11D3-BF4B-00C04F79EFBC}") = "EjemploORM", "EjemploORM.csproj", "{BA326689-4BB2-4EA6-BFF2-66C0E69D292A}"
EndProject
Global
	GlobalSection(SolutionConfigurationPlatforms) = preSolution
		Debug|Any CPU = Debug|Any CPU
		Release|Any CPU = Release|Any CPU
	EndGlobalSection
	GlobalSection(ProjectConfigurationPlatforms) = postSolution
		{BA326689-4BB2-4EA6-BFF2-66C0E69D292A}.Debug|Any CPU.ActiveCfg = Debug|Any CPU
		{BA326689-4BB2-4EA6-BFF2-66C0E69D292A}.Debug|Any CPU.Build.0 = Debug|Any CPU
		{BA326689-4BB2-4EA6-BFF2-66C0E69D292A}.Release|Any CPU.ActiveCfg = Release|Any CPU
		{BA326689-4BB2-4EA6-BFF2-66C0E69D292A}.Release|Any CPU.Build.0 = Release|Any CPU
	EndGlobalSection
	GlobalSection(SolutionProperties) = preSolution
		HideSolutionNode = FALSE
	EndGlobalSection
	GlobalSection(ExtensibilityGlobals) = postSolution
		SolutionGuid = {264B7667-89C4-4926-92F3-2F873EA38258}
	EndGlobalSection
EndGlobal
